
Microsoft Visual Studio Solution File, Format Version 12.00
# Visual Studio Version 16
VisualStudioVersion = 16.0.28803.452
MinimumVisualStudioVersion = 10.0.40219.1
Project("{FAE04EC0-301F-11D3-BF4B-00C04F79EFBC}") = "BiblioForms", "W1\BiblioForms.csproj", "{C152A057-58A5-4CCD-8977-186675B4912F}"
EndProject
Project("{FAE04EC0-301F-11D3-BF4B-00C04F79EFBC}") = "BibliotecaDeBiblioteca", "BibliotecaDeBiblioteca\BibliotecaDeBiblioteca.csproj", "{37C313EB-B2D2-4D99-801E-9E5A6004ABE5}"
EndProject
Global
	GlobalSection(SolutionConfigurationPlatforms) = preSolution
		Debug|Any CPU = Debug|Any CPU
		Release|Any CPU = Release|Any CPU
	EndGlobalSection
	GlobalSection(ProjectConfigurationPlatforms) = postSolution
		{C152A057-58A5-4CCD-8977-186675B4912F}.Debug|Any CPU.ActiveCfg = Debug|Any CPU
		{C152A057-58A5-4CCD-8977-186675B4912F}.Debug|Any CPU.Build.0 = Debug|Any CPU
		{C152A057-58A5-4CCD-8977-186675B4912F}.Release|Any CPU.ActiveCfg = Release|Any CPU
		{C152A057-58A5-4CCD-8977-186675B4912F}.Release|Any CPU.Build.0 = Release|Any CPU
		{37C313EB-B2D2-4D99-801E-9E5A6004ABE5}.Debug|Any CPU.ActiveCfg = Debug|Any CPU
		{37C313EB-B2D2-4D99-801E-9E5A6004ABE5}.Debug|Any CPU.Build.0 = Debug|Any CPU
		{37C313EB-B2D2-4D99-801E-9E5A6004ABE5}.Release|Any CPU.ActiveCfg = Release|Any CPU
		{37C313EB-B2D2-4D99-801E-9E5A6004ABE5}.Release|Any CPU.Build.0 = Release|Any CPU
	EndGlobalSection
	GlobalSection(SolutionProperties) = preSolution
		HideSolutionNode = FALSE
	EndGlobalSection
	GlobalSection(ExtensibilityGlobals) = postSolution
		SolutionGuid = {E66D897F-C2CC-48F3-9534-BE57E08860B8}
	EndGlobalSection
EndGlobal
